
Microsoft Visual Studio Solution File, Format Version 12.00
# Visual Studio Version 16
VisualStudioVersion = 16.0.30114.105
MinimumVisualStudioVersion = 10.0.40219.1
Project("{9A19103F-16F7-4668-BE54-9A1E7A4F7556}") = "Plotly.Blazor", "src\Plotly.Blazor\Plotly.Blazor.csproj", "{F99949D4-AB5F-4122-9D13-8D32DA53ABBA}"
EndProject
Project("{9A19103F-16F7-4668-BE54-9A1E7A4F7556}") = "Plotly.Blazor.Sample.Client", "sample\Plotly.Blazor.Sample.Client\Plotly.Blazor.Sample.Client.csproj", "{228E1496-A032-4DF6-96C2-011029D5430C}"
EndProject
Global
	GlobalSection(SolutionConfigurationPlatforms) = preSolution
		Debug|Any CPU = Debug|Any CPU
		Release|Any CPU = Release|Any CPU
	EndGlobalSection
	GlobalSection(ProjectConfigurationPlatforms) = postSolution
		{F99949D4-AB5F-4122-9D13-8D32DA53ABBA}.Debug|Any CPU.ActiveCfg = Debug|Any CPU
		{F99949D4-AB5F-4122-9D13-8D32DA53ABBA}.Debug|Any CPU.Build.0 = Debug|Any CPU
		{F99949D4-AB5F-4122-9D13-8D32DA53ABBA}.Release|Any CPU.ActiveCfg = Release|Any CPU
		{F99949D4-AB5F-4122-9D13-8D32DA53ABBA}.Release|Any CPU.Build.0 = Release|Any CPU
		{228E1496-A032-4DF6-96C2-011029D5430C}.Debug|Any CPU.ActiveCfg = Debug|Any CPU
		{228E1496-A032-4DF6-96C2-011029D5430C}.Debug|Any CPU.Build.0 = Debug|Any CPU
		{228E1496-A032-4DF6-96C2-011029D5430C}.Release|Any CPU.ActiveCfg = Release|Any CPU
		{228E1496-A032-4DF6-96C2-011029D5430C}.Release|Any CPU.Build.0 = Release|Any CPU
	EndGlobalSection
	GlobalSection(SolutionProperties) = preSolution
		HideSolutionNode = FALSE
	EndGlobalSection
	GlobalSection(ExtensibilityGlobals) = postSolution
		SolutionGuid = {3C3199D7-CBD8-485B-9604-C540BD37307A}
	EndGlobalSection
EndGlobal
