
Microsoft Visual Studio Solution File, Format Version 12.00
# Visual Studio Version 16
VisualStudioVersion = 16.0.30114.105
MinimumVisualStudioVersion = 10.0.40219.1
Project("{9A19103F-16F7-4668-BE54-9A1E7A4F7556}") = "Plotly.Blazor", "..\src\Plotly.Blazor\Plotly.Blazor.csproj", "{9C0D5C96-E6C2-421A-BEA5-8DFA9A759D53}"
EndProject
Project("{9A19103F-16F7-4668-BE54-9A1E7A4F7556}") = "Plotly.Blazor.Sample.Client", "..\sample\Plotly.Blazor.Sample.Client\Plotly.Blazor.Sample.Client.csproj", "{59C1CCD2-89E8-40B7-865B-8D494E1EC561}"
EndProject
Global
	GlobalSection(SolutionConfigurationPlatforms) = preSolution
		Debug|Any CPU = Debug|Any CPU
		Release|Any CPU = Release|Any CPU
	EndGlobalSection
	GlobalSection(ProjectConfigurationPlatforms) = postSolution
		{9C0D5C96-E6C2-421A-BEA5-8DFA9A759D53}.Debug|Any CPU.ActiveCfg = Debug|Any CPU
		{9C0D5C96-E6C2-421A-BEA5-8DFA9A759D53}.Debug|Any CPU.Build.0 = Debug|Any CPU
		{9C0D5C96-E6C2-421A-BEA5-8DFA9A759D53}.Release|Any CPU.ActiveCfg = Release|Any CPU
		{9C0D5C96-E6C2-421A-BEA5-8DFA9A759D53}.Release|Any CPU.Build.0 = Release|Any CPU
		{59C1CCD2-89E8-40B7-865B-8D494E1EC561}.Debug|Any CPU.ActiveCfg = Debug|Any CPU
		{59C1CCD2-89E8-40B7-865B-8D494E1EC561}.Debug|Any CPU.Build.0 = Debug|Any CPU
		{59C1CCD2-89E8-40B7-865B-8D494E1EC561}.Release|Any CPU.ActiveCfg = Release|Any CPU
		{59C1CCD2-89E8-40B7-865B-8D494E1EC561}.Release|Any CPU.Build.0 = Release|Any CPU
	EndGlobalSection
	GlobalSection(SolutionProperties) = preSolution
		HideSolutionNode = FALSE
	EndGlobalSection
	GlobalSection(ExtensibilityGlobals) = postSolution
		SolutionGuid = {3C3199D7-CBD8-485B-9604-C540BD37307A}
	EndGlobalSection
EndGlobal
